
Microsoft Visual Studio Solution File, Format Version 12.00
# Visual Studio Version 17
VisualStudioVersion = 17.0.31903.59
MinimumVisualStudioVersion = 10.0.40219.1
Project("{FAE04EC0-301F-11D3-BF4B-00C04F79EFBC}") = "WeatherWeb", "WeatherWeb\WeatherWeb.csproj", "{3FCDF493-489E-4B4E-B1A5-E1F316E06D79}"
EndProject
Project("{2150E333-8FDC-42A3-9474-1A3956D46DE8}") = "WeatherService", "WeatherService", "{F8CEA440-46E7-95E2-ECA0-BC3348861E6F}"
EndProject
Project("{2150E333-8FDC-42A3-9474-1A3956D46DE8}") = "Contracts", "Contracts", "{958C025B-D143-5F5A-C231-8ABCBF581A52}"
EndProject
Project("{FAE04EC0-301F-11D3-BF4B-00C04F79EFBC}") = "WeatherService.Contracts", "WeatherService\Contracts\WeatherService.Contracts.csproj", "{C70920FF-36D9-4120-9964-00596844DBF8}"
EndProject
Project("{2150E333-8FDC-42A3-9474-1A3956D46DE8}") = "Engines", "Engines", "{5F274869-1616-3C6E-4511-5B428994D89D}"
EndProject
Project("{FAE04EC0-301F-11D3-BF4B-00C04F79EFBC}") = "WeatherService.Engines", "WeatherService\Engines\WeatherService.Engines.csproj", "{35314796-9C1F-4266-BA4A-7D7827F85308}"
EndProject
Project("{2150E333-8FDC-42A3-9474-1A3956D46DE8}") = "Accessors", "Accessors", "{F09C9D90-7980-2AE5-D12F-3B43B7F0E36F}"
EndProject
Project("{FAE04EC0-301F-11D3-BF4B-00C04F79EFBC}") = "WeatherService.Accessors", "WeatherService\Accessors\WeatherService.Accessors.csproj", "{75398F92-7DF0-455E-A5BA-6D12C1EE0DFE}"
EndProject
Project("{2150E333-8FDC-42A3-9474-1A3956D46DE8}") = "Managers", "Managers", "{7E1DCD12-22C5-E285-12A0-A4281E85AB2F}"
EndProject
Project("{FAE04EC0-301F-11D3-BF4B-00C04F79EFBC}") = "WeatherService.Managers", "WeatherService\Managers\WeatherService.Managers.csproj", "{C22D865E-E5C5-4677-890E-F5BB5EA59A0E}"
EndProject
Project("{2150E333-8FDC-42A3-9474-1A3956D46DE8}") = "Utilities", "Utilities", "{BD4FDA0B-1832-99C7-9E44-E7F556D04D3D}"
EndProject
Project("{FAE04EC0-301F-11D3-BF4B-00C04F79EFBC}") = "WeatherService.Utilities", "WeatherService\Utilities\WeatherService.Utilities.csproj", "{3412D028-5F01-492F-8DF5-975517D3800F}"
EndProject
Project("{2150E333-8FDC-42A3-9474-1A3956D46DE8}") = "Tests", "Tests", "{EFDF16DB-DB1D-B818-DFC7-C3C80C342565}"
EndProject
Project("{2150E333-8FDC-42A3-9474-1A3956D46DE8}") = "Engines.Tests", "Engines.Tests", "{CD1B8A66-0A97-E35D-0198-B2A795E3279A}"
EndProject
Project("{FAE04EC0-301F-11D3-BF4B-00C04F79EFBC}") = "WeatherService.Engines.Tests", "WeatherService\Tests\Engines.Tests\WeatherService.Engines.Tests.csproj", "{81F00AD5-D39D-4FC9-9EE1-D02362AD979C}"
EndProject
Project("{2150E333-8FDC-42A3-9474-1A3956D46DE8}") = "Accessors.Tests", "Accessors.Tests", "{98F95D21-1B56-3C74-3D69-9660853FC93C}"
EndProject
Project("{FAE04EC0-301F-11D3-BF4B-00C04F79EFBC}") = "WeatherService.Accessors.Tests", "WeatherService\Tests\Accessors.Tests\WeatherService.Accessors.Tests.csproj", "{5D21C1EA-1384-4033-B1FB-812980699429}"
EndProject
Project("{2150E333-8FDC-42A3-9474-1A3956D46DE8}") = "Managers.Tests", "Managers.Tests", "{555F8607-2E60-0DB8-FB5B-3EBB01485286}"
EndProject
Project("{FAE04EC0-301F-11D3-BF4B-00C04F79EFBC}") = "WeatherService.Managers.Tests", "WeatherService\Tests\Managers.Tests\WeatherService.Managers.Tests.csproj", "{24716999-A011-4DEE-ABCC-0FFE3FB368E3}"
EndProject
Project("{2150E333-8FDC-42A3-9474-1A3956D46DE8}") = "Clients", "Clients", "{756DDEFE-5C24-DD68-6CD7-6F8D59F8A9F2}"
EndProject
Project("{FAE04EC0-301F-11D3-BF4B-00C04F79EFBC}") = "WeatherService.Api", "WeatherService\Clients\WebApi\WeatherService.Api.csproj", "{8B046278-2DCC-482E-8C1C-E9BAAC1048ED}"
EndProject
Project("{2150E333-8FDC-42A3-9474-1A3956D46DE8}") = "Clients.Tests", "Clients.Tests", "{8AC4F10F-3C14-076A-B4C8-400A3FB275BF}"
EndProject
Project("{FAE04EC0-301F-11D3-BF4B-00C04F79EFBC}") = "WeatherService.Api.Tests", "WeatherService\Tests\Clients.Tests\WeatherService.Api.Tests.csproj", "{1429B574-8E20-441B-A18B-B156F0DED50A}"
EndProject
Global
	GlobalSection(SolutionConfigurationPlatforms) = preSolution
		Debug|Any CPU = Debug|Any CPU
		Debug|x64 = Debug|x64
		Debug|x86 = Debug|x86
		Release|Any CPU = Release|Any CPU
		Release|x64 = Release|x64
		Release|x86 = Release|x86
	EndGlobalSection
	GlobalSection(ProjectConfigurationPlatforms) = postSolution
		{3FCDF493-489E-4B4E-B1A5-E1F316E06D79}.Debug|Any CPU.ActiveCfg = Debug|Any CPU
		{3FCDF493-489E-4B4E-B1A5-E1F316E06D79}.Debug|Any CPU.Build.0 = Debug|Any CPU
		{3FCDF493-489E-4B4E-B1A5-E1F316E06D79}.Debug|x64.ActiveCfg = Debug|Any CPU
		{3FCDF493-489E-4B4E-B1A5-E1F316E06D79}.Debug|x64.Build.0 = Debug|Any CPU
		{3FCDF493-489E-4B4E-B1A5-E1F316E06D79}.Debug|x86.ActiveCfg = Debug|Any CPU
		{3FCDF493-489E-4B4E-B1A5-E1F316E06D79}.Debug|x86.Build.0 = Debug|Any CPU
		{3FCDF493-489E-4B4E-B1A5-E1F316E06D79}.Release|Any CPU.ActiveCfg = Release|Any CPU
		{3FCDF493-489E-4B4E-B1A5-E1F316E06D79}.Release|Any CPU.Build.0 = Release|Any CPU
		{3FCDF493-489E-4B4E-B1A5-E1F316E06D79}.Release|x64.ActiveCfg = Release|Any CPU
		{3FCDF493-489E-4B4E-B1A5-E1F316E06D79}.Release|x64.Build.0 = Release|Any CPU
		{3FCDF493-489E-4B4E-B1A5-E1F316E06D79}.Release|x86.ActiveCfg = Release|Any CPU
		{3FCDF493-489E-4B4E-B1A5-E1F316E06D79}.Release|x86.Build.0 = Release|Any CPU
		{C70920FF-36D9-4120-9964-00596844DBF8}.Debug|Any CPU.ActiveCfg = Debug|Any CPU
		{C70920FF-36D9-4120-9964-00596844DBF8}.Debug|Any CPU.Build.0 = Debug|Any CPU
		{C70920FF-36D9-4120-9964-00596844DBF8}.Debug|x64.ActiveCfg = Debug|Any CPU
		{C70920FF-36D9-4120-9964-00596844DBF8}.Debug|x64.Build.0 = Debug|Any CPU
		{C70920FF-36D9-4120-9964-00596844DBF8}.Debug|x86.ActiveCfg = Debug|Any CPU
		{C70920FF-36D9-4120-9964-00596844DBF8}.Debug|x86.Build.0 = Debug|Any CPU
		{C70920FF-36D9-4120-9964-00596844DBF8}.Release|Any CPU.ActiveCfg = Release|Any CPU
		{C70920FF-36D9-4120-9964-00596844DBF8}.Release|Any CPU.Build.0 = Release|Any CPU
		{C70920FF-36D9-4120-9964-00596844DBF8}.Release|x64.ActiveCfg = Release|Any CPU
		{C70920FF-36D9-4120-9964-00596844DBF8}.Release|x64.Build.0 = Release|Any CPU
		{C70920FF-36D9-4120-9964-00596844DBF8}.Release|x86.ActiveCfg = Release|Any CPU
		{C70920FF-36D9-4120-9964-00596844DBF8}.Release|x86.Build.0 = Release|Any CPU
		{35314796-9C1F-4266-BA4A-7D7827F85308}.Debug|Any CPU.ActiveCfg = Debug|Any CPU
		{35314796-9C1F-4266-BA4A-7D7827F85308}.Debug|Any CPU.Build.0 = Debug|Any CPU
		{35314796-9C1F-4266-BA4A-7D7827F85308}.Debug|x64.ActiveCfg = Debug|Any CPU
		{35314796-9C1F-4266-BA4A-7D7827F85308}.Debug|x64.Build.0 = Debug|Any CPU
		{35314796-9C1F-4266-BA4A-7D7827F85308}.Debug|x86.ActiveCfg = Debug|Any CPU
		{35314796-9C1F-4266-BA4A-7D7827F85308}.Debug|x86.Build.0 = Debug|Any CPU
		{35314796-9C1F-4266-BA4A-7D7827F85308}.Release|Any CPU.ActiveCfg = Release|Any CPU
		{35314796-9C1F-4266-BA4A-7D7827F85308}.Release|Any CPU.Build.0 = Release|Any CPU
		{35314796-9C1F-4266-BA4A-7D7827F85308}.Release|x64.ActiveCfg = Release|Any CPU
		{35314796-9C1F-4266-BA4A-7D7827F85308}.Release|x64.Build.0 = Release|Any CPU
		{35314796-9C1F-4266-BA4A-7D7827F85308}.Release|x86.ActiveCfg = Release|Any CPU
		{35314796-9C1F-4266-BA4A-7D7827F85308}.Release|x86.Build.0 = Release|Any CPU
		{75398F92-7DF0-455E-A5BA-6D12C1EE0DFE}.Debug|Any CPU.ActiveCfg = Debug|Any CPU
		{75398F92-7DF0-455E-A5BA-6D12C1EE0DFE}.Debug|Any CPU.Build.0 = Debug|Any CPU
		{75398F92-7DF0-455E-A5BA-6D12C1EE0DFE}.Debug|x64.ActiveCfg = Debug|Any CPU
		{75398F92-7DF0-455E-A5BA-6D12C1EE0DFE}.Debug|x64.Build.0 = Debug|Any CPU
		{75398F92-7DF0-455E-A5BA-6D12C1EE0DFE}.Debug|x86.ActiveCfg = Debug|Any CPU
		{75398F92-7DF0-455E-A5BA-6D12C1EE0DFE}.Debug|x86.Build.0 = Debug|Any CPU
		{75398F92-7DF0-455E-A5BA-6D12C1EE0DFE}.Release|Any CPU.ActiveCfg = Release|Any CPU
		{75398F92-7DF0-455E-A5BA-6D12C1EE0DFE}.Release|Any CPU.Build.0 = Release|Any CPU
		{75398F92-7DF0-455E-A5BA-6D12C1EE0DFE}.Release|x64.ActiveCfg = Release|Any CPU
		{75398F92-7DF0-455E-A5BA-6D12C1EE0DFE}.Release|x64.Build.0 = Release|Any CPU
		{75398F92-7DF0-455E-A5BA-6D12C1EE0DFE}.Release|x86.ActiveCfg = Release|Any CPU
		{75398F92-7DF0-455E-A5BA-6D12C1EE0DFE}.Release|x86.Build.0 = Release|Any CPU
		{C22D865E-E5C5-4677-890E-F5BB5EA59A0E}.Debug|Any CPU.ActiveCfg = Debug|Any CPU
		{C22D865E-E5C5-4677-890E-F5BB5EA59A0E}.Debug|Any CPU.Build.0 = Debug|Any CPU
		{C22D865E-E5C5-4677-890E-F5BB5EA59A0E}.Debug|x64.ActiveCfg = Debug|Any CPU
		{C22D865E-E5C5-4677-890E-F5BB5EA59A0E}.Debug|x64.Build.0 = Debug|Any CPU
		{C22D865E-E5C5-4677-890E-F5BB5EA59A0E}.Debug|x86.ActiveCfg = Debug|Any CPU
		{C22D865E-E5C5-4677-890E-F5BB5EA59A0E}.Debug|x86.Build.0 = Debug|Any CPU
		{C22D865E-E5C5-4677-890E-F5BB5EA59A0E}.Release|Any CPU.ActiveCfg = Release|Any CPU
		{C22D865E-E5C5-4677-890E-F5BB5EA59A0E}.Release|Any CPU.Build.0 = Release|Any CPU
		{C22D865E-E5C5-4677-890E-F5BB5EA59A0E}.Release|x64.ActiveCfg = Release|Any CPU
		{C22D865E-E5C5-4677-890E-F5BB5EA59A0E}.Release|x64.Build.0 = Release|Any CPU
		{C22D865E-E5C5-4677-890E-F5BB5EA59A0E}.Release|x86.ActiveCfg = Release|Any CPU
		{C22D865E-E5C5-4677-890E-F5BB5EA59A0E}.Release|x86.Build.0 = Release|Any CPU
		{3412D028-5F01-492F-8DF5-975517D3800F}.Debug|Any CPU.ActiveCfg = Debug|Any CPU
		{3412D028-5F01-492F-8DF5-975517D3800F}.Debug|Any CPU.Build.0 = Debug|Any CPU
		{3412D028-5F01-492F-8DF5-975517D3800F}.Debug|x64.ActiveCfg = Debug|Any CPU
		{3412D028-5F01-492F-8DF5-975517D3800F}.Debug|x64.Build.0 = Debug|Any CPU
		{3412D028-5F01-492F-8DF5-975517D3800F}.Debug|x86.ActiveCfg = Debug|Any CPU
		{3412D028-5F01-492F-8DF5-975517D3800F}.Debug|x86.Build.0 = Debug|Any CPU
		{3412D028-5F01-492F-8DF5-975517D3800F}.Release|Any CPU.ActiveCfg = Release|Any CPU
		{3412D028-5F01-492F-8DF5-975517D3800F}.Release|Any CPU.Build.0 = Release|Any CPU
		{3412D028-5F01-492F-8DF5-975517D3800F}.Release|x64.ActiveCfg = Release|Any CPU
		{3412D028-5F01-492F-8DF5-975517D3800F}.Release|x64.Build.0 = Release|Any CPU
		{3412D028-5F01-492F-8DF5-975517D3800F}.Release|x86.ActiveCfg = Release|Any CPU
		{3412D028-5F01-492F-8DF5-975517D3800F}.Release|x86.Build.0 = Release|Any CPU
		{81F00AD5-D39D-4FC9-9EE1-D02362AD979C}.Debug|Any CPU.ActiveCfg = Debug|Any CPU
		{81F00AD5-D39D-4FC9-9EE1-D02362AD979C}.Debug|Any CPU.Build.0 = Debug|Any CPU
		{81F00AD5-D39D-4FC9-9EE1-D02362AD979C}.Debug|x64.ActiveCfg = Debug|Any CPU
		{81F00AD5-D39D-4FC9-9EE1-D02362AD979C}.Debug|x64.Build.0 = Debug|Any CPU
		{81F00AD5-D39D-4FC9-9EE1-D02362AD979C}.Debug|x86.ActiveCfg = Debug|Any CPU
		{81F00AD5-D39D-4FC9-9EE1-D02362AD979C}.Debug|x86.Build.0 = Debug|Any CPU
		{81F00AD5-D39D-4FC9-9EE1-D02362AD979C}.Release|Any CPU.ActiveCfg = Release|Any CPU
		{81F00AD5-D39D-4FC9-9EE1-D02362AD979C}.Release|Any CPU.Build.0 = Release|Any CPU
		{81F00AD5-D39D-4FC9-9EE1-D02362AD979C}.Release|x64.ActiveCfg = Release|Any CPU
		{81F00AD5-D39D-4FC9-9EE1-D02362AD979C}.Release|x64.Build.0 = Release|Any CPU
		{81F00AD5-D39D-4FC9-9EE1-D02362AD979C}.Release|x86.ActiveCfg = Release|Any CPU
		{81F00AD5-D39D-4FC9-9EE1-D02362AD979C}.Release|x86.Build.0 = Release|Any CPU
		{5D21C1EA-1384-4033-B1FB-812980699429}.Debug|Any CPU.ActiveCfg = Debug|Any CPU
		{5D21C1EA-1384-4033-B1FB-812980699429}.Debug|Any CPU.Build.0 = Debug|Any CPU
		{5D21C1EA-1384-4033-B1FB-812980699429}.Debug|x64.ActiveCfg = Debug|Any CPU
		{5D21C1EA-1384-4033-B1FB-812980699429}.Debug|x64.Build.0 = Debug|Any CPU
		{5D21C1EA-1384-4033-B1FB-812980699429}.Debug|x86.ActiveCfg = Debug|Any CPU
		{5D21C1EA-1384-4033-B1FB-812980699429}.Debug|x86.Build.0 = Debug|Any CPU
		{5D21C1EA-1384-4033-B1FB-812980699429}.Release|Any CPU.ActiveCfg = Release|Any CPU
		{5D21C1EA-1384-4033-B1FB-812980699429}.Release|Any CPU.Build.0 = Release|Any CPU
		{5D21C1EA-1384-4033-B1FB-812980699429}.Release|x64.ActiveCfg = Release|Any CPU
		{5D21C1EA-1384-4033-B1FB-812980699429}.Release|x64.Build.0 = Release|Any CPU
		{5D21C1EA-1384-4033-B1FB-812980699429}.Release|x86.ActiveCfg = Release|Any CPU
		{5D21C1EA-1384-4033-B1FB-812980699429}.Release|x86.Build.0 = Release|Any CPU
		{24716999-A011-4DEE-ABCC-0FFE3FB368E3}.Debug|Any CPU.ActiveCfg = Debug|Any CPU
		{24716999-A011-4DEE-ABCC-0FFE3FB368E3}.Debug|Any CPU.Build.0 = Debug|Any CPU
		{24716999-A011-4DEE-ABCC-0FFE3FB368E3}.Debug|x64.ActiveCfg = Debug|Any CPU
		{24716999-A011-4DEE-ABCC-0FFE3FB368E3}.Debug|x64.Build.0 = Debug|Any CPU
		{24716999-A011-4DEE-ABCC-0FFE3FB368E3}.Debug|x86.ActiveCfg = Debug|Any CPU
		{24716999-A011-4DEE-ABCC-0FFE3FB368E3}.Debug|x86.Build.0 = Debug|Any CPU
		{24716999-A011-4DEE-ABCC-0FFE3FB368E3}.Release|Any CPU.ActiveCfg = Release|Any CPU
		{24716999-A011-4DEE-ABCC-0FFE3FB368E3}.Release|Any CPU.Build.0 = Release|Any CPU
		{24716999-A011-4DEE-ABCC-0FFE3FB368E3}.Release|x64.ActiveCfg = Release|Any CPU
		{24716999-A011-4DEE-ABCC-0FFE3FB368E3}.Release|x64.Build.0 = Release|Any CPU
		{24716999-A011-4DEE-ABCC-0FFE3FB368E3}.Release|x86.ActiveCfg = Release|Any CPU
		{24716999-A011-4DEE-ABCC-0FFE3FB368E3}.Release|x86.Build.0 = Release|Any CPU
		{8B046278-2DCC-482E-8C1C-E9BAAC1048ED}.Debug|Any CPU.ActiveCfg = Debug|Any CPU
		{8B046278-2DCC-482E-8C1C-E9BAAC1048ED}.Debug|Any CPU.Build.0 = Debug|Any CPU
		{8B046278-2DCC-482E-8C1C-E9BAAC1048ED}.Debug|x64.ActiveCfg = Debug|Any CPU
		{8B046278-2DCC-482E-8C1C-E9BAAC1048ED}.Debug|x64.Build.0 = Debug|Any CPU
		{8B046278-2DCC-482E-8C1C-E9BAAC1048ED}.Debug|x86.ActiveCfg = Debug|Any CPU
		{8B046278-2DCC-482E-8C1C-E9BAAC1048ED}.Debug|x86.Build.0 = Debug|Any CPU
		{8B046278-2DCC-482E-8C1C-E9BAAC1048ED}.Release|Any CPU.ActiveCfg = Release|Any CPU
		{8B046278-2DCC-482E-8C1C-E9BAAC1048ED}.Release|Any CPU.Build.0 = Release|Any CPU
		{8B046278-2DCC-482E-8C1C-E9BAAC1048ED}.Release|x64.ActiveCfg = Release|Any CPU
		{8B046278-2DCC-482E-8C1C-E9BAAC1048ED}.Release|x64.Build.0 = Release|Any CPU
		{8B046278-2DCC-482E-8C1C-E9BAAC1048ED}.Release|x86.ActiveCfg = Release|Any CPU
		{8B046278-2DCC-482E-8C1C-E9BAAC1048ED}.Release|x86.Build.0 = Release|Any CPU
		{1429B574-8E20-441B-A18B-B156F0DED50A}.Debug|Any CPU.ActiveCfg = Debug|Any CPU
		{1429B574-8E20-441B-A18B-B156F0DED50A}.Debug|Any CPU.Build.0 = Debug|Any CPU
		{1429B574-8E20-441B-A18B-B156F0DED50A}.Debug|x64.ActiveCfg = Debug|Any CPU
		{1429B574-8E20-441B-A18B-B156F0DED50A}.Debug|x64.Build.0 = Debug|Any CPU
		{1429B574-8E20-441B-A18B-B156F0DED50A}.Debug|x86.ActiveCfg = Debug|Any CPU
		{1429B574-8E20-441B-A18B-B156F0DED50A}.Debug|x86.Build.0 = Debug|Any CPU
		{1429B574-8E20-441B-A18B-B156F0DED50A}.Release|Any CPU.ActiveCfg = Release|Any CPU
		{1429B574-8E20-441B-A18B-B156F0DED50A}.Release|Any CPU.Build.0 = Release|Any CPU
		{1429B574-8E20-441B-A18B-B156F0DED50A}.Release|x64.ActiveCfg = Release|Any CPU
		{1429B574-8E20-441B-A18B-B156F0DED50A}.Release|x64.Build.0 = Release|Any CPU
		{1429B574-8E20-441B-A18B-B156F0DED50A}.Release|x86.ActiveCfg = Release|Any CPU
		{1429B574-8E20-441B-A18B-B156F0DED50A}.Release|x86.Build.0 = Release|Any CPU
	EndGlobalSection
	GlobalSection(SolutionProperties) = preSolution
		HideSolutionNode = FALSE
	EndGlobalSection
	GlobalSection(NestedProjects) = preSolution
		{958C025B-D143-5F5A-C231-8ABCBF581A52} = {F8CEA440-46E7-95E2-ECA0-BC3348861E6F}
		{C70920FF-36D9-4120-9964-00596844DBF8} = {958C025B-D143-5F5A-C231-8ABCBF581A52}
		{5F274869-1616-3C6E-4511-5B428994D89D} = {F8CEA440-46E7-95E2-ECA0-BC3348861E6F}
		{35314796-9C1F-4266-BA4A-7D7827F85308} = {5F274869-1616-3C6E-4511-5B428994D89D}
		{F09C9D90-7980-2AE5-D12F-3B43B7F0E36F} = {F8CEA440-46E7-95E2-ECA0-BC3348861E6F}
		{75398F92-7DF0-455E-A5BA-6D12C1EE0DFE} = {F09C9D90-7980-2AE5-D12F-3B43B7F0E36F}
		{7E1DCD12-22C5-E285-12A0-A4281E85AB2F} = {F8CEA440-46E7-95E2-ECA0-BC3348861E6F}
		{C22D865E-E5C5-4677-890E-F5BB5EA59A0E} = {7E1DCD12-22C5-E285-12A0-A4281E85AB2F}
		{BD4FDA0B-1832-99C7-9E44-E7F556D04D3D} = {F8CEA440-46E7-95E2-ECA0-BC3348861E6F}
		{3412D028-5F01-492F-8DF5-975517D3800F} = {BD4FDA0B-1832-99C7-9E44-E7F556D04D3D}
		{EFDF16DB-DB1D-B818-DFC7-C3C80C342565} = {F8CEA440-46E7-95E2-ECA0-BC3348861E6F}
		{CD1B8A66-0A97-E35D-0198-B2A795E3279A} = {EFDF16DB-DB1D-B818-DFC7-C3C80C342565}
		{81F00AD5-D39D-4FC9-9EE1-D02362AD979C} = {CD1B8A66-0A97-E35D-0198-B2A795E3279A}
		{98F95D21-1B56-3C74-3D69-9660853FC93C} = {EFDF16DB-DB1D-B818-DFC7-C3C80C342565}
		{5D21C1EA-1384-4033-B1FB-812980699429} = {98F95D21-1B56-3C74-3D69-9660853FC93C}
		{555F8607-2E60-0DB8-FB5B-3EBB01485286} = {EFDF16DB-DB1D-B818-DFC7-C3C80C342565}
		{24716999-A011-4DEE-ABCC-0FFE3FB368E3} = {555F8607-2E60-0DB8-FB5B-3EBB01485286}
		{756DDEFE-5C24-DD68-6CD7-6F8D59F8A9F2} = {F8CEA440-46E7-95E2-ECA0-BC3348861E6F}
		{8B046278-2DCC-482E-8C1C-E9BAAC1048ED} = {756DDEFE-5C24-DD68-6CD7-6F8D59F8A9F2}
		{8AC4F10F-3C14-076A-B4C8-400A3FB275BF} = {EFDF16DB-DB1D-B818-DFC7-C3C80C342565}
		{1429B574-8E20-441B-A18B-B156F0DED50A} = {8AC4F10F-3C14-076A-B4C8-400A3FB275BF}
	EndGlobalSection
EndGlobal
